
Microsoft Visual Studio Solution File, Format Version 12.00
# Visual Studio Version 17
VisualStudioVersion = 17.9.34622.214
MinimumVisualStudioVersion = 10.0.40219.1
Project("{FAE04EC0-301F-11D3-BF4B-00C04F79EFBC}") = "Kalkulator Prac Dyplmowych", "Kalkulator Prac Dyplmowych.csproj", "{D4004768-1E3B-4368-BBE6-45B67951EABD}"
EndProject
Global
	GlobalSection(SolutionConfigurationPlatforms) = preSolution
		Debug|Any CPU = Debug|Any CPU
		Release|Any CPU = Release|Any CPU
	EndGlobalSection
	GlobalSection(ProjectConfigurationPlatforms) = postSolution
		{D4004768-1E3B-4368-BBE6-45B67951EABD}.Debug|Any CPU.ActiveCfg = Debug|Any CPU
		{D4004768-1E3B-4368-BBE6-45B67951EABD}.Debug|Any CPU.Build.0 = Debug|Any CPU
		{D4004768-1E3B-4368-BBE6-45B67951EABD}.Release|Any CPU.ActiveCfg = Release|Any CPU
		{D4004768-1E3B-4368-BBE6-45B67951EABD}.Release|Any CPU.Build.0 = Release|Any CPU
	EndGlobalSection
	GlobalSection(SolutionProperties) = preSolution
		HideSolutionNode = FALSE
	EndGlobalSection
	GlobalSection(ExtensibilityGlobals) = postSolution
		SolutionGuid = {A6EE0BD3-22B7-44EF-A04D-799BC938D6A8}
	EndGlobalSection
EndGlobal
